github.com/emirpasic/gods v1.18.1 h1:FXtiHYKDGKCW2KzwZKx0iC0PQmdlorYgdFG9jPXJ1Bc=
github.com/emirpasic/gods v1.18.1/go.mod h1:8tpGGwCnJ5H4r6BWwaV6OrWmMoPhUl5jm/FMNAnJvWQ=
github.com/go-test/deep v1.1.0/go.mod h1:5C2ZWiW0ErCdrYzpqxLbTX7MG14M9iiw8DgHncVwcsE=
github.com/google/uuid v1.3.0 h1:t6JiXgmwXMjEs8VusXIJk2BXHsn+wx8BZdTaoZ5fu7I=
github.com/google/uuid v1.3.0/go.mod h1:TIyPZe4MgqvfeYDBFedMoGGpEw/LqOeaOT+nhxU+yHo=
github.com/heimdalr/dag v1.4.0 h1:zG3JA4RDVLc55k3AXAgfwa+EgBNZ0TkfOO3C29Ucpmg=
github.com/heimdalr/dag v1.4.0/go.mod h1:OCh6ghKmU0hPjtwMqWBoNxPmtRioKd1xSu7Zs4sbIqM=
github.com/timandy/routine v1.1.1 h1:6/Z7qLFZj3GrzuRksBFzIG8YGUh8CLhjnnMePBQTrEI=
github.com/timandy/routine v1.1.1/go.mod h1:OZHPOKSvqL/ZvqXFkNZyit0xIVelERptYXdAHH00adQ=
